
Microsoft Visual Studio Solution File, Format Version 12.00
# Visual Studio Version 17
VisualStudioVersion = 17.1.32228.430
MinimumVisualStudioVersion = 10.0.40219.1
Project("{2150E333-8FDC-42A3-9474-1A3956D46DE8}") = "src", "src", "{2A173712-A6A0-4FD3-92CD-F6A34A9FECE1}"
EndProject
Project("{FAE04EC0-301F-11D3-BF4B-00C04F79EFBC}") = "Dct.Core", "Dct.Core\Dct.Core.csproj", "{280C9972-55F4-4756-8450-5BE67D2B4B85}"
EndProject
Project("{FAE04EC0-301F-11D3-BF4B-00C04F79EFBC}") = "Dct.UI", "Dct.UI\Dct.UI.csproj", "{950BE223-3FB0-4C46-9B8A-F02B642EC088}"
EndProject
Global
	GlobalSection(SolutionConfigurationPlatforms) = preSolution
		Debug|Any CPU = Debug|Any CPU
		Release|Any CPU = Release|Any CPU
	EndGlobalSection
	GlobalSection(ProjectConfigurationPlatforms) = postSolution
		{280C9972-55F4-4756-8450-5BE67D2B4B85}.Debug|Any CPU.ActiveCfg = Debug|Any CPU
		{280C9972-55F4-4756-8450-5BE67D2B4B85}.Debug|Any CPU.Build.0 = Debug|Any CPU
		{280C9972-55F4-4756-8450-5BE67D2B4B85}.Release|Any CPU.ActiveCfg = Release|Any CPU
		{280C9972-55F4-4756-8450-5BE67D2B4B85}.Release|Any CPU.Build.0 = Release|Any CPU
		{950BE223-3FB0-4C46-9B8A-F02B642EC088}.Debug|Any CPU.ActiveCfg = Debug|Any CPU
		{950BE223-3FB0-4C46-9B8A-F02B642EC088}.Debug|Any CPU.Build.0 = Debug|Any CPU
		{950BE223-3FB0-4C46-9B8A-F02B642EC088}.Release|Any CPU.ActiveCfg = Release|Any CPU
		{950BE223-3FB0-4C46-9B8A-F02B642EC088}.Release|Any CPU.Build.0 = Release|Any CPU
	EndGlobalSection
	GlobalSection(SolutionProperties) = preSolution
		HideSolutionNode = FALSE
	EndGlobalSection
	GlobalSection(NestedProjects) = preSolution
		{280C9972-55F4-4756-8450-5BE67D2B4B85} = {2A173712-A6A0-4FD3-92CD-F6A34A9FECE1}
		{950BE223-3FB0-4C46-9B8A-F02B642EC088} = {2A173712-A6A0-4FD3-92CD-F6A34A9FECE1}
	EndGlobalSection
	GlobalSection(ExtensibilityGlobals) = postSolution
		SolutionGuid = {D32EA99E-F062-404C-BE03-0F58E13E2D62}
	EndGlobalSection
EndGlobal
